
Microsoft Visual Studio Solution File, Format Version 12.00
# Visual Studio Version 16
VisualStudioVersion = 16.0.30330.147
MinimumVisualStudioVersion = 10.0.40219.1
Project("{2150E333-8FDC-42A3-9474-1A3956D46DE8}") = "Lotizador", "Lotizador", "{5982B14D-7B20-48EC-91DA-4F405698F64D}"
EndProject
Project("{F184B08F-C81C-45F6-A57F-5ABD9991F28F}") = "Lotizador.BE", "Lotizador\Lotizador.BE\Lotizador.BE.vbproj", "{017AC243-76C9-49F5-A046-E1A102A42A6C}"
EndProject
Project("{F184B08F-C81C-45F6-A57F-5ABD9991F28F}") = "Lotizador.BL", "Lotizador\Lotizador.BL\Lotizador.BL.vbproj", "{576BC061-0EC8-4D88-9D12-635F7709F726}"
EndProject
Project("{F184B08F-C81C-45F6-A57F-5ABD9991F28F}") = "Lotizador.DA", "Lotizador\Lotizador.DA\Lotizador.DA.vbproj", "{CECD550C-909A-4F17-9559-AD5407785007}"
EndProject
Project("{F184B08F-C81C-45F6-A57F-5ABD9991F28F}") = "Lotizador.UI", "Lotizador\Lotizador.UI\Lotizador.UI.vbproj", "{8AA81D99-0E8C-4111-B8E2-C7EC20D1C64E}"
	ProjectSection(ProjectDependencies) = postProject
		{BEEFD2A8-C282-4BAE-A944-1DE3CF82D368} = {BEEFD2A8-C282-4BAE-A944-1DE3CF82D368}
	EndProjectSection
EndProject
Project("{F184B08F-C81C-45F6-A57F-5ABD9991F28F}") = "Lotizador.WIN", "Lotizador\Lotizador.WIN\Lotizador.WIN.vbproj", "{AFF279D4-DE7F-459D-B392-1C697249C25B}"
EndProject
Project("{F184B08F-C81C-45F6-A57F-5ABD9991F28F}") = "Lotizador.WS", "Lotizador\Lotizador.WS\Lotizador.WS.vbproj", "{BEEFD2A8-C282-4BAE-A944-1DE3CF82D368}"
EndProject
Project("{F14B399A-7131-4C87-9E4B-1186C45EF12D}") = "Lotizador.RS", "Lotizador\Lotizador.RS\Lotizador.RS.rptproj", "{E15C8E22-854F-4F32-897C-8AC8CAA7F494}"
EndProject
Global
	GlobalSection(SolutionConfigurationPlatforms) = preSolution
		Debug|Any CPU = Debug|Any CPU
		Debug|x86 = Debug|x86
		DebugLocal|Any CPU = DebugLocal|Any CPU
		DebugLocal|x86 = DebugLocal|x86
		Release|Any CPU = Release|Any CPU
		Release|x86 = Release|x86
	EndGlobalSection
	GlobalSection(ProjectConfigurationPlatforms) = postSolution
		{017AC243-76C9-49F5-A046-E1A102A42A6C}.Debug|Any CPU.ActiveCfg = Debug|Any CPU
		{017AC243-76C9-49F5-A046-E1A102A42A6C}.Debug|Any CPU.Build.0 = Debug|Any CPU
		{017AC243-76C9-49F5-A046-E1A102A42A6C}.Debug|x86.ActiveCfg = Debug|Any CPU
		{017AC243-76C9-49F5-A046-E1A102A42A6C}.Debug|x86.Build.0 = Debug|Any CPU
		{017AC243-76C9-49F5-A046-E1A102A42A6C}.DebugLocal|Any CPU.ActiveCfg = Debug|Any CPU
		{017AC243-76C9-49F5-A046-E1A102A42A6C}.DebugLocal|Any CPU.Build.0 = Debug|Any CPU
		{017AC243-76C9-49F5-A046-E1A102A42A6C}.DebugLocal|x86.ActiveCfg = Debug|Any CPU
		{017AC243-76C9-49F5-A046-E1A102A42A6C}.DebugLocal|x86.Build.0 = Debug|Any CPU
		{017AC243-76C9-49F5-A046-E1A102A42A6C}.Release|Any CPU.ActiveCfg = Release|Any CPU
		{017AC243-76C9-49F5-A046-E1A102A42A6C}.Release|Any CPU.Build.0 = Release|Any CPU
		{017AC243-76C9-49F5-A046-E1A102A42A6C}.Release|x86.ActiveCfg = Release|Any CPU
		{017AC243-76C9-49F5-A046-E1A102A42A6C}.Release|x86.Build.0 = Release|Any CPU
		{576BC061-0EC8-4D88-9D12-635F7709F726}.Debug|Any CPU.ActiveCfg = Debug|Any CPU
		{576BC061-0EC8-4D88-9D12-635F7709F726}.Debug|Any CPU.Build.0 = Debug|Any CPU
		{576BC061-0EC8-4D88-9D12-635F7709F726}.Debug|x86.ActiveCfg = Debug|Any CPU
		{576BC061-0EC8-4D88-9D12-635F7709F726}.Debug|x86.Build.0 = Debug|Any CPU
		{576BC061-0EC8-4D88-9D12-635F7709F726}.DebugLocal|Any CPU.ActiveCfg = Debug|Any CPU
		{576BC061-0EC8-4D88-9D12-635F7709F726}.DebugLocal|Any CPU.Build.0 = Debug|Any CPU
		{576BC061-0EC8-4D88-9D12-635F7709F726}.DebugLocal|x86.ActiveCfg = Debug|Any CPU
		{576BC061-0EC8-4D88-9D12-635F7709F726}.DebugLocal|x86.Build.0 = Debug|Any CPU
		{576BC061-0EC8-4D88-9D12-635F7709F726}.Release|Any CPU.ActiveCfg = Release|Any CPU
		{576BC061-0EC8-4D88-9D12-635F7709F726}.Release|Any CPU.Build.0 = Release|Any CPU
		{576BC061-0EC8-4D88-9D12-635F7709F726}.Release|x86.ActiveCfg = Release|Any CPU
		{576BC061-0EC8-4D88-9D12-635F7709F726}.Release|x86.Build.0 = Release|Any CPU
		{CECD550C-909A-4F17-9559-AD5407785007}.Debug|Any CPU.ActiveCfg = Debug|Any CPU
		{CECD550C-909A-4F17-9559-AD5407785007}.Debug|Any CPU.Build.0 = Debug|Any CPU
		{CECD550C-909A-4F17-9559-AD5407785007}.Debug|x86.ActiveCfg = Debug|Any CPU
		{CECD550C-909A-4F17-9559-AD5407785007}.Debug|x86.Build.0 = Debug|Any CPU
		{CECD550C-909A-4F17-9559-AD5407785007}.DebugLocal|Any CPU.ActiveCfg = Debug|Any CPU
		{CECD550C-909A-4F17-9559-AD5407785007}.DebugLocal|Any CPU.Build.0 = Debug|Any CPU
		{CECD550C-909A-4F17-9559-AD5407785007}.DebugLocal|x86.ActiveCfg = Debug|Any CPU
		{CECD550C-909A-4F17-9559-AD5407785007}.DebugLocal|x86.Build.0 = Debug|Any CPU
		{CECD550C-909A-4F17-9559-AD5407785007}.Release|Any CPU.ActiveCfg = Release|Any CPU
		{CECD550C-909A-4F17-9559-AD5407785007}.Release|Any CPU.Build.0 = Release|Any CPU
		{CECD550C-909A-4F17-9559-AD5407785007}.Release|x86.ActiveCfg = Release|Any CPU
		{CECD550C-909A-4F17-9559-AD5407785007}.Release|x86.Build.0 = Release|Any CPU
		{8AA81D99-0E8C-4111-B8E2-C7EC20D1C64E}.Debug|Any CPU.ActiveCfg = Debug|Any CPU
		{8AA81D99-0E8C-4111-B8E2-C7EC20D1C64E}.Debug|Any CPU.Build.0 = Debug|Any CPU
		{8AA81D99-0E8C-4111-B8E2-C7EC20D1C64E}.Debug|x86.ActiveCfg = Debug|Any CPU
		{8AA81D99-0E8C-4111-B8E2-C7EC20D1C64E}.Debug|x86.Build.0 = Debug|Any CPU
		{8AA81D99-0E8C-4111-B8E2-C7EC20D1C64E}.DebugLocal|Any CPU.ActiveCfg = Debug|Any CPU
		{8AA81D99-0E8C-4111-B8E2-C7EC20D1C64E}.DebugLocal|x86.ActiveCfg = Debug|Any CPU
		{8AA81D99-0E8C-4111-B8E2-C7EC20D1C64E}.Release|Any CPU.ActiveCfg = Release|Any CPU
		{8AA81D99-0E8C-4111-B8E2-C7EC20D1C64E}.Release|x86.ActiveCfg = Release|Any CPU
		{AFF279D4-DE7F-459D-B392-1C697249C25B}.Debug|Any CPU.ActiveCfg = Debug|Any CPU
		{AFF279D4-DE7F-459D-B392-1C697249C25B}.Debug|Any CPU.Build.0 = Debug|Any CPU
		{AFF279D4-DE7F-459D-B392-1C697249C25B}.Debug|x86.ActiveCfg = Debug|Any CPU
		{AFF279D4-DE7F-459D-B392-1C697249C25B}.Debug|x86.Build.0 = Debug|Any CPU
		{AFF279D4-DE7F-459D-B392-1C697249C25B}.DebugLocal|Any CPU.ActiveCfg = Debug|Any CPU
		{AFF279D4-DE7F-459D-B392-1C697249C25B}.DebugLocal|Any CPU.Build.0 = Debug|Any CPU
		{AFF279D4-DE7F-459D-B392-1C697249C25B}.DebugLocal|x86.ActiveCfg = Debug|Any CPU
		{AFF279D4-DE7F-459D-B392-1C697249C25B}.DebugLocal|x86.Build.0 = Debug|Any CPU
		{AFF279D4-DE7F-459D-B392-1C697249C25B}.Release|Any CPU.ActiveCfg = Release|Any CPU
		{AFF279D4-DE7F-459D-B392-1C697249C25B}.Release|Any CPU.Build.0 = Release|Any CPU
		{AFF279D4-DE7F-459D-B392-1C697249C25B}.Release|x86.ActiveCfg = Release|Any CPU
		{AFF279D4-DE7F-459D-B392-1C697249C25B}.Release|x86.Build.0 = Release|Any CPU
		{BEEFD2A8-C282-4BAE-A944-1DE3CF82D368}.Debug|Any CPU.ActiveCfg = Debug|Any CPU
		{BEEFD2A8-C282-4BAE-A944-1DE3CF82D368}.Debug|Any CPU.Build.0 = Debug|Any CPU
		{BEEFD2A8-C282-4BAE-A944-1DE3CF82D368}.Debug|x86.ActiveCfg = Debug|Any CPU
		{BEEFD2A8-C282-4BAE-A944-1DE3CF82D368}.Debug|x86.Build.0 = Debug|Any CPU
		{BEEFD2A8-C282-4BAE-A944-1DE3CF82D368}.DebugLocal|Any CPU.ActiveCfg = Debug|Any CPU
		{BEEFD2A8-C282-4BAE-A944-1DE3CF82D368}.DebugLocal|Any CPU.Build.0 = Debug|Any CPU
		{BEEFD2A8-C282-4BAE-A944-1DE3CF82D368}.DebugLocal|x86.ActiveCfg = Debug|Any CPU
		{BEEFD2A8-C282-4BAE-A944-1DE3CF82D368}.DebugLocal|x86.Build.0 = Debug|Any CPU
		{BEEFD2A8-C282-4BAE-A944-1DE3CF82D368}.Release|Any CPU.ActiveCfg = Release|Any CPU
		{BEEFD2A8-C282-4BAE-A944-1DE3CF82D368}.Release|Any CPU.Build.0 = Release|Any CPU
		{BEEFD2A8-C282-4BAE-A944-1DE3CF82D368}.Release|x86.ActiveCfg = Release|Any CPU
		{BEEFD2A8-C282-4BAE-A944-1DE3CF82D368}.Release|x86.Build.0 = Release|Any CPU
		{E15C8E22-854F-4F32-897C-8AC8CAA7F494}.Debug|Any CPU.ActiveCfg = Debug
		{E15C8E22-854F-4F32-897C-8AC8CAA7F494}.Debug|Any CPU.Build.0 = Debug
		{E15C8E22-854F-4F32-897C-8AC8CAA7F494}.Debug|Any CPU.Deploy.0 = Debug
		{E15C8E22-854F-4F32-897C-8AC8CAA7F494}.Debug|x86.ActiveCfg = Debug
		{E15C8E22-854F-4F32-897C-8AC8CAA7F494}.Debug|x86.Build.0 = Debug
		{E15C8E22-854F-4F32-897C-8AC8CAA7F494}.Debug|x86.Deploy.0 = Debug
		{E15C8E22-854F-4F32-897C-8AC8CAA7F494}.DebugLocal|Any CPU.ActiveCfg = DebugLocal
		{E15C8E22-854F-4F32-897C-8AC8CAA7F494}.DebugLocal|Any CPU.Build.0 = DebugLocal
		{E15C8E22-854F-4F32-897C-8AC8CAA7F494}.DebugLocal|Any CPU.Deploy.0 = DebugLocal
		{E15C8E22-854F-4F32-897C-8AC8CAA7F494}.DebugLocal|x86.ActiveCfg = DebugLocal
		{E15C8E22-854F-4F32-897C-8AC8CAA7F494}.DebugLocal|x86.Build.0 = DebugLocal
		{E15C8E22-854F-4F32-897C-8AC8CAA7F494}.DebugLocal|x86.Deploy.0 = DebugLocal
		{E15C8E22-854F-4F32-897C-8AC8CAA7F494}.Release|Any CPU.ActiveCfg = Release
		{E15C8E22-854F-4F32-897C-8AC8CAA7F494}.Release|Any CPU.Build.0 = Release
		{E15C8E22-854F-4F32-897C-8AC8CAA7F494}.Release|Any CPU.Deploy.0 = Release
		{E15C8E22-854F-4F32-897C-8AC8CAA7F494}.Release|x86.ActiveCfg = Release
		{E15C8E22-854F-4F32-897C-8AC8CAA7F494}.Release|x86.Build.0 = Release
		{E15C8E22-854F-4F32-897C-8AC8CAA7F494}.Release|x86.Deploy.0 = Release
	EndGlobalSection
	GlobalSection(SolutionProperties) = preSolution
		HideSolutionNode = FALSE
	EndGlobalSection
	GlobalSection(NestedProjects) = preSolution
		{017AC243-76C9-49F5-A046-E1A102A42A6C} = {5982B14D-7B20-48EC-91DA-4F405698F64D}
		{576BC061-0EC8-4D88-9D12-635F7709F726} = {5982B14D-7B20-48EC-91DA-4F405698F64D}
		{CECD550C-909A-4F17-9559-AD5407785007} = {5982B14D-7B20-48EC-91DA-4F405698F64D}
		{8AA81D99-0E8C-4111-B8E2-C7EC20D1C64E} = {5982B14D-7B20-48EC-91DA-4F405698F64D}
		{AFF279D4-DE7F-459D-B392-1C697249C25B} = {5982B14D-7B20-48EC-91DA-4F405698F64D}
		{BEEFD2A8-C282-4BAE-A944-1DE3CF82D368} = {5982B14D-7B20-48EC-91DA-4F405698F64D}
		{E15C8E22-854F-4F32-897C-8AC8CAA7F494} = {5982B14D-7B20-48EC-91DA-4F405698F64D}
	EndGlobalSection
	GlobalSection(ExtensibilityGlobals) = postSolution
		SolutionGuid = {54656C18-3A1E-4D97-A224-0DBDD18E1436}
	EndGlobalSection
EndGlobal
